
Microsoft Visual Studio Solution File, Format Version 12.00
Project("{FAE04EC0-301F-11D3-BF4B-00C04F79EFBC}") = "EyeglassBay.Api", "EyeglassBay.Api\EyeglassBay.Api.csproj", "{EB31B7DA-14DB-46D2-BF28-684F2BA99BA6}"
EndProject
Project("{FAE04EC0-301F-11D3-BF4B-00C04F79EFBC}") = "EyeglassBay.Application", "EyeglassBay.Application\EyeglassBay.Application.csproj", "{24B00B73-CEC1-4A77-892C-243483FD8EF6}"
EndProject
Project("{FAE04EC0-301F-11D3-BF4B-00C04F79EFBC}") = "EyeglassBay.Domain", "EyeglassBay.Domain\EyeglassBay.Domain.csproj", "{ECF840D4-83AC-4569-AE1D-60B44218D12F}"
EndProject
Project("{FAE04EC0-301F-11D3-BF4B-00C04F79EFBC}") = "EyeglassBay.Persistence", "EyeglassBay.Persistence\EyeglassBay.Persistence.csproj", "{13BFB368-9D6A-4B47-9F24-C23F8F30570B}"
EndProject
Global
	GlobalSection(SolutionConfigurationPlatforms) = preSolution
		Debug|Any CPU = Debug|Any CPU
		Release|Any CPU = Release|Any CPU
	EndGlobalSection
	GlobalSection(ProjectConfigurationPlatforms) = postSolution
		{EB31B7DA-14DB-46D2-BF28-684F2BA99BA6}.Debug|Any CPU.ActiveCfg = Debug|Any CPU
		{EB31B7DA-14DB-46D2-BF28-684F2BA99BA6}.Debug|Any CPU.Build.0 = Debug|Any CPU
		{EB31B7DA-14DB-46D2-BF28-684F2BA99BA6}.Release|Any CPU.ActiveCfg = Release|Any CPU
		{EB31B7DA-14DB-46D2-BF28-684F2BA99BA6}.Release|Any CPU.Build.0 = Release|Any CPU
		{24B00B73-CEC1-4A77-892C-243483FD8EF6}.Debug|Any CPU.ActiveCfg = Debug|Any CPU
		{24B00B73-CEC1-4A77-892C-243483FD8EF6}.Debug|Any CPU.Build.0 = Debug|Any CPU
		{24B00B73-CEC1-4A77-892C-243483FD8EF6}.Release|Any CPU.ActiveCfg = Release|Any CPU
		{24B00B73-CEC1-4A77-892C-243483FD8EF6}.Release|Any CPU.Build.0 = Release|Any CPU
		{ECF840D4-83AC-4569-AE1D-60B44218D12F}.Debug|Any CPU.ActiveCfg = Debug|Any CPU
		{ECF840D4-83AC-4569-AE1D-60B44218D12F}.Debug|Any CPU.Build.0 = Debug|Any CPU
		{ECF840D4-83AC-4569-AE1D-60B44218D12F}.Release|Any CPU.ActiveCfg = Release|Any CPU
		{ECF840D4-83AC-4569-AE1D-60B44218D12F}.Release|Any CPU.Build.0 = Release|Any CPU
		{13BFB368-9D6A-4B47-9F24-C23F8F30570B}.Debug|Any CPU.ActiveCfg = Debug|Any CPU
		{13BFB368-9D6A-4B47-9F24-C23F8F30570B}.Debug|Any CPU.Build.0 = Debug|Any CPU
		{13BFB368-9D6A-4B47-9F24-C23F8F30570B}.Release|Any CPU.ActiveCfg = Release|Any CPU
		{13BFB368-9D6A-4B47-9F24-C23F8F30570B}.Release|Any CPU.Build.0 = Release|Any CPU
	EndGlobalSection
EndGlobal
